
Microsoft Visual Studio Solution File, Format Version 12.00
# Visual Studio Version 16
VisualStudioVersion = 16.0.31702.278
MinimumVisualStudioVersion = 10.0.40219.1
Project("{FAE04EC0-301F-11D3-BF4B-00C04F79EFBC}") = "Calculator", "Calculator.csproj", "{BEAC5359-8038-4ECD-AAE6-F280F997144B}"
EndProject
Global
	GlobalSection(SolutionConfigurationPlatforms) = preSolution
		Debug|Any CPU = Debug|Any CPU
		Release|Any CPU = Release|Any CPU
	EndGlobalSection
	GlobalSection(ProjectConfigurationPlatforms) = postSolution
		{BEAC5359-8038-4ECD-AAE6-F280F997144B}.Debug|Any CPU.ActiveCfg = Debug|Any CPU
		{BEAC5359-8038-4ECD-AAE6-F280F997144B}.Debug|Any CPU.Build.0 = Debug|Any CPU
		{BEAC5359-8038-4ECD-AAE6-F280F997144B}.Release|Any CPU.ActiveCfg = Release|Any CPU
		{BEAC5359-8038-4ECD-AAE6-F280F997144B}.Release|Any CPU.Build.0 = Release|Any CPU
	EndGlobalSection
	GlobalSection(SolutionProperties) = preSolution
		HideSolutionNode = FALSE
	EndGlobalSection
	GlobalSection(ExtensibilityGlobals) = postSolution
		SolutionGuid = {49284804-14FF-478C-B155-6A425A832B9A}
	EndGlobalSection
EndGlobal
